
Microsoft Visual Studio Solution File, Format Version 12.00
# Visual Studio Version 16
VisualStudioVersion = 16.0.31727.386
MinimumVisualStudioVersion = 10.0.40219.1
Project("{FAE04EC0-301F-11D3-BF4B-00C04F79EFBC}") = "HTML Crawler 3.0", "HTML Crawler 3.0\HTML Crawler 3.0.csproj", "{5B065F01-1C96-415E-9C6C-D55BEED7CF4A}"
EndProject
Global
	GlobalSection(SolutionConfigurationPlatforms) = preSolution
		Debug|Any CPU = Debug|Any CPU
		Release|Any CPU = Release|Any CPU
	EndGlobalSection
	GlobalSection(ProjectConfigurationPlatforms) = postSolution
		{5B065F01-1C96-415E-9C6C-D55BEED7CF4A}.Debug|Any CPU.ActiveCfg = Debug|Any CPU
		{5B065F01-1C96-415E-9C6C-D55BEED7CF4A}.Debug|Any CPU.Build.0 = Debug|Any CPU
		{5B065F01-1C96-415E-9C6C-D55BEED7CF4A}.Release|Any CPU.ActiveCfg = Release|Any CPU
		{5B065F01-1C96-415E-9C6C-D55BEED7CF4A}.Release|Any CPU.Build.0 = Release|Any CPU
	EndGlobalSection
	GlobalSection(SolutionProperties) = preSolution
		HideSolutionNode = FALSE
	EndGlobalSection
	GlobalSection(ExtensibilityGlobals) = postSolution
		SolutionGuid = {335DEFCF-57B3-400A-B095-E99BA3E18848}
	EndGlobalSection
EndGlobal
